
Microsoft Visual Studio Solution File, Format Version 12.00
Project("{FAE04EC0-301F-11D3-BF4B-00C04F79EFBC}") = "API", "API\API.csproj", "{AAC7F79D-6D5A-4DCB-82F3-9E2C9B777067}"
EndProject
Project("{FAE04EC0-301F-11D3-BF4B-00C04F79EFBC}") = "Repositories", "Repositories\Repositories.csproj", "{25F0FEA4-B364-4845-B9A4-1165FD44F4EC}"
EndProject
Project("{FAE04EC0-301F-11D3-BF4B-00C04F79EFBC}") = "Domain", "Domain\Domain.csproj", "{9CC61697-83DC-4082-AA37-974FA7593D8A}"
EndProject
Project("{2150E333-8FDC-42A3-9474-1A3956D46DE8}") = "src", "src", "{7AB09C48-B759-4D87-BBB7-594EC56DDC22}"
EndProject
Project("{2150E333-8FDC-42A3-9474-1A3956D46DE8}") = "tests", "tests", "{13853624-5483-4E3D-BB50-D70502583B4D}"
EndProject
Project("{FAE04EC0-301F-11D3-BF4B-00C04F79EFBC}") = "Repositories.Tests", "Repositories.Tests\Repositories.Tests.csproj", "{265DFE28-B208-43B2-BE3B-6C3297CF332D}"
EndProject
Project("{FAE04EC0-301F-11D3-BF4B-00C04F79EFBC}") = "SampleCode", "SampleCode\SampleCode.csproj", "{1CFB09E9-5A85-4013-B9DA-2E3156C109A3}"
EndProject
Global
	GlobalSection(SolutionConfigurationPlatforms) = preSolution
		Debug|Any CPU = Debug|Any CPU
		Release|Any CPU = Release|Any CPU
	EndGlobalSection
	GlobalSection(ProjectConfigurationPlatforms) = postSolution
		{AAC7F79D-6D5A-4DCB-82F3-9E2C9B777067}.Debug|Any CPU.ActiveCfg = Debug|Any CPU
		{AAC7F79D-6D5A-4DCB-82F3-9E2C9B777067}.Debug|Any CPU.Build.0 = Debug|Any CPU
		{AAC7F79D-6D5A-4DCB-82F3-9E2C9B777067}.Release|Any CPU.ActiveCfg = Release|Any CPU
		{AAC7F79D-6D5A-4DCB-82F3-9E2C9B777067}.Release|Any CPU.Build.0 = Release|Any CPU
		{25F0FEA4-B364-4845-B9A4-1165FD44F4EC}.Debug|Any CPU.ActiveCfg = Debug|Any CPU
		{25F0FEA4-B364-4845-B9A4-1165FD44F4EC}.Debug|Any CPU.Build.0 = Debug|Any CPU
		{25F0FEA4-B364-4845-B9A4-1165FD44F4EC}.Release|Any CPU.ActiveCfg = Release|Any CPU
		{25F0FEA4-B364-4845-B9A4-1165FD44F4EC}.Release|Any CPU.Build.0 = Release|Any CPU
		{9CC61697-83DC-4082-AA37-974FA7593D8A}.Debug|Any CPU.ActiveCfg = Debug|Any CPU
		{9CC61697-83DC-4082-AA37-974FA7593D8A}.Debug|Any CPU.Build.0 = Debug|Any CPU
		{9CC61697-83DC-4082-AA37-974FA7593D8A}.Release|Any CPU.ActiveCfg = Release|Any CPU
		{9CC61697-83DC-4082-AA37-974FA7593D8A}.Release|Any CPU.Build.0 = Release|Any CPU
		{265DFE28-B208-43B2-BE3B-6C3297CF332D}.Debug|Any CPU.ActiveCfg = Debug|Any CPU
		{265DFE28-B208-43B2-BE3B-6C3297CF332D}.Debug|Any CPU.Build.0 = Debug|Any CPU
		{265DFE28-B208-43B2-BE3B-6C3297CF332D}.Release|Any CPU.ActiveCfg = Release|Any CPU
		{265DFE28-B208-43B2-BE3B-6C3297CF332D}.Release|Any CPU.Build.0 = Release|Any CPU
		{1CFB09E9-5A85-4013-B9DA-2E3156C109A3}.Debug|Any CPU.ActiveCfg = Debug|Any CPU
		{1CFB09E9-5A85-4013-B9DA-2E3156C109A3}.Debug|Any CPU.Build.0 = Debug|Any CPU
		{1CFB09E9-5A85-4013-B9DA-2E3156C109A3}.Release|Any CPU.ActiveCfg = Release|Any CPU
		{1CFB09E9-5A85-4013-B9DA-2E3156C109A3}.Release|Any CPU.Build.0 = Release|Any CPU
	EndGlobalSection
	GlobalSection(NestedProjects) = preSolution
		{AAC7F79D-6D5A-4DCB-82F3-9E2C9B777067} = {7AB09C48-B759-4D87-BBB7-594EC56DDC22}
		{9CC61697-83DC-4082-AA37-974FA7593D8A} = {7AB09C48-B759-4D87-BBB7-594EC56DDC22}
		{25F0FEA4-B364-4845-B9A4-1165FD44F4EC} = {7AB09C48-B759-4D87-BBB7-594EC56DDC22}
		{265DFE28-B208-43B2-BE3B-6C3297CF332D} = {13853624-5483-4E3D-BB50-D70502583B4D}
		{1CFB09E9-5A85-4013-B9DA-2E3156C109A3} = {7AB09C48-B759-4D87-BBB7-594EC56DDC22}
	EndGlobalSection
EndGlobal
